
Microsoft Visual Studio Solution File, Format Version 12.00
# Visual Studio Version 17
VisualStudioVersion = 17.10.34928.147
MinimumVisualStudioVersion = 10.0.40219.1
Project("{2150E333-8FDC-42A3-9474-1A3956D46DE8}") = "src", "src", "{36A7C5F2-2E7E-4DB2-A07B-A22BC0931584}"
EndProject
Project("{FAE04EC0-301F-11D3-BF4B-00C04F79EFBC}") = "wpf-ui", "wpf-ui\wpf-ui.csproj", "{2A2C05E5-B8FB-4CAD-8FA3-C8BEDE1BEB73}"
EndProject
Project("{FAE04EC0-301F-11D3-BF4B-00C04F79EFBC}") = "infinite-tic-tac-toe", "infinite-tic-tac-toe\infinite-tic-tac-toe.csproj", "{9229C3AA-84A2-4931-A5CD-98ECF1A6BFA5}"
EndProject
Global
	GlobalSection(SolutionConfigurationPlatforms) = preSolution
		Debug|Any CPU = Debug|Any CPU
		Release|Any CPU = Release|Any CPU
	EndGlobalSection
	GlobalSection(ProjectConfigurationPlatforms) = postSolution
		{2A2C05E5-B8FB-4CAD-8FA3-C8BEDE1BEB73}.Debug|Any CPU.ActiveCfg = Debug|Any CPU
		{2A2C05E5-B8FB-4CAD-8FA3-C8BEDE1BEB73}.Debug|Any CPU.Build.0 = Debug|Any CPU
		{2A2C05E5-B8FB-4CAD-8FA3-C8BEDE1BEB73}.Release|Any CPU.ActiveCfg = Release|Any CPU
		{2A2C05E5-B8FB-4CAD-8FA3-C8BEDE1BEB73}.Release|Any CPU.Build.0 = Release|Any CPU
		{9229C3AA-84A2-4931-A5CD-98ECF1A6BFA5}.Debug|Any CPU.ActiveCfg = Debug|Any CPU
		{9229C3AA-84A2-4931-A5CD-98ECF1A6BFA5}.Debug|Any CPU.Build.0 = Debug|Any CPU
		{9229C3AA-84A2-4931-A5CD-98ECF1A6BFA5}.Release|Any CPU.ActiveCfg = Release|Any CPU
		{9229C3AA-84A2-4931-A5CD-98ECF1A6BFA5}.Release|Any CPU.Build.0 = Release|Any CPU
	EndGlobalSection
	GlobalSection(SolutionProperties) = preSolution
		HideSolutionNode = FALSE
	EndGlobalSection
	GlobalSection(NestedProjects) = preSolution
		{2A2C05E5-B8FB-4CAD-8FA3-C8BEDE1BEB73} = {36A7C5F2-2E7E-4DB2-A07B-A22BC0931584}
		{9229C3AA-84A2-4931-A5CD-98ECF1A6BFA5} = {36A7C5F2-2E7E-4DB2-A07B-A22BC0931584}
	EndGlobalSection
	GlobalSection(ExtensibilityGlobals) = postSolution
		SolutionGuid = {71BD7FB2-B507-4B68-B467-798B52E1D07F}
	EndGlobalSection
EndGlobal
